// !$*UTF8*$!
{
	archiveVersion = 1;
	classes = {
	};
	objectVersion = 55;
	objects = {

/* Begin PBXBuildFile section */
		C7115D13292918AA005685C6 /* EditEmployeeViewController.swift in Sources */ = {isa = PBXBuildFile; fileRef = C7115D11292918AA005685C6 /* EditEmployeeViewController.swift */; };
		C7115D14292918AA005685C6 /* EditEmployeeViewController.xib in Resources */ = {isa = PBXBuildFile; fileRef = C7115D12292918AA005685C6 /* EditEmployeeViewController.xib */; };
		C7124ADF292109C0008C1432 /* DetailCollectionViewItem.swift in Sources */ = {isa = PBXBuildFile; fileRef = C7124ADD292109C0008C1432 /* DetailCollectionViewItem.swift */; };
		C7124AE0292109C0008C1432 /* DetailCollectionViewItem.xib in Resources */ = {isa = PBXBuildFile; fileRef = C7124ADE292109C0008C1432 /* DetailCollectionViewItem.xib */; };
		C740C6F8290CF00800CC9758 /* AppDelegate.swift in Sources */ = {isa = PBXBuildFile; fileRef = C740C6F7290CF00800CC9758 /* AppDelegate.swift */; };
		C740C6FA290CF00800CC9758 /* ViewController.swift in Sources */ = {isa = PBXBuildFile; fileRef = C740C6F9290CF00800CC9758 /* ViewController.swift */; };
		C740C6FD290CF00800CC9758 /* RecognizeColleagues.xcdatamodeld in Sources */ = {isa = PBXBuildFile; fileRef = C740C6FB290CF00800CC9758 /* RecognizeColleagues.xcdatamodeld */; };
		C740C6FF290CF00900CC9758 /* Assets.xcassets in Resources */ = {isa = PBXBuildFile; fileRef = C740C6FE290CF00900CC9758 /* Assets.xcassets */; };
		C740C702290CF00900CC9758 /* Main.storyboard in Resources */ = {isa = PBXBuildFile; fileRef = C740C700290CF00900CC9758 /* Main.storyboard */; };
		C740C70A290D087B00CC9758 /* GameViewController.swift in Sources */ = {isa = PBXBuildFile; fileRef = C740C709290D087B00CC9758 /* GameViewController.swift */; };
		C740C70C290D683600CC9758 /* Constellations.swift in Sources */ = {isa = PBXBuildFile; fileRef = C740C70B290D683600CC9758 /* Constellations.swift */; };
		C740C70E290D71E700CC9758 /* CoreDataClass.swift in Sources */ = {isa = PBXBuildFile; fileRef = C740C70D290D71E700CC9758 /* CoreDataClass.swift */; };
		C740C711290E18CE00CC9758 /* UpdateViewController.swift in Sources */ = {isa = PBXBuildFile; fileRef = C740C70F290E18CE00CC9758 /* UpdateViewController.swift */; };
		C740C714290E198200CC9758 /* ListViewController.swift in Sources */ = {isa = PBXBuildFile; fileRef = C740C713290E198200CC9758 /* ListViewController.swift */; };
		C7942859290EAE31006E921C /* FileViewController.swift in Sources */ = {isa = PBXBuildFile; fileRef = C7942858290EAE31006E921C /* FileViewController.swift */; };
		C7A9E22B291FFF5000265D10 /* ListCollectionViewItem.swift in Sources */ = {isa = PBXBuildFile; fileRef = C7A9E22A291FFF5000265D10 /* ListCollectionViewItem.swift */; };
		C7E55218291779F30093BDE0 /* FileManagerObject.swift in Sources */ = {isa = PBXBuildFile; fileRef = C7E55217291779F30093BDE0 /* FileManagerObject.swift */; };
/* End PBXBuildFile section */

/* Begin PBXFileReference section */
		C7115D11292918AA005685C6 /* EditEmployeeViewController.swift */ = {isa = PBXFileReference; lastKnownFileType = sourcecode.swift; path = EditEmployeeViewController.swift; sourceTree = "<group>"; };
		C7115D12292918AA005685C6 /* EditEmployeeViewController.xib */ = {isa = PBXFileReference; lastKnownFileType = file.xib; path = EditEmployeeViewController.xib; sourceTree = "<group>"; };
		C7124ADD292109C0008C1432 /* DetailCollectionViewItem.swift */ = {isa = PBXFileReference; lastKnownFileType = sourcecode.swift; path = DetailCollectionViewItem.swift; sourceTree = "<group>"; };
		C7124ADE292109C0008C1432 /* DetailCollectionViewItem.xib */ = {isa = PBXFileReference; lastKnownFileType = file.xib; path = DetailCollectionViewItem.xib; sourceTree = "<group>"; };
		C740C6F4290CF00800CC9758 /* RecognizeColleagues.app */ = {isa = PBXFileReference; explicitFileType = wrapper.application; includeInIndex = 0; path = RecognizeColleagues.app; sourceTree = BUILT_PRODUCTS_DIR; };
		C740C6F7290CF00800CC9758 /* AppDelegate.swift */ = {isa = PBXFileReference; lastKnownFileType = sourcecode.swift; path = AppDelegate.swift; sourceTree = "<group>"; };
		C740C6F9290CF00800CC9758 /* ViewController.swift */ = {isa = PBXFileReference; lastKnownFileType = sourcecode.swift; path = ViewController.swift; sourceTree = "<group>"; };
		C740C6FC290CF00800CC9758 /* RecognizeColleagues.xcdatamodel */ = {isa = PBXFileReference; lastKnownFileType = wrapper.xcdatamodel; path = RecognizeColleagues.xcdatamodel; sourceTree = "<group>"; };
		C740C6FE290CF00900CC9758 /* Assets.xcassets */ = {isa = PBXFileReference; lastKnownFileType = folder.assetcatalog; path = Assets.xcassets; sourceTree = "<group>"; };
		C740C701290CF00900CC9758 /* Base */ = {isa = PBXFileReference; lastKnownFileType = file.storyboard; name = Base; path = Base.lproj/Main.storyboard; sourceTree = "<group>"; };
		C740C703290CF00900CC9758 /* RecognizeColleagues.entitlements */ = {isa = PBXFileReference; lastKnownFileType = text.plist.entitlements; path = RecognizeColleagues.entitlements; sourceTree = "<group>"; };
		C740C709290D087B00CC9758 /* GameViewController.swift */ = {isa = PBXFileReference; lastKnownFileType = sourcecode.swift; path = GameViewController.swift; sourceTree = "<group>"; };
		C740C70B290D683600CC9758 /* Constellations.swift */ = {isa = PBXFileReference; lastKnownFileType = sourcecode.swift; path = Constellations.swift; sourceTree = "<group>"; };
		C740C70D290D71E700CC9758 /* CoreDataClass.swift */ = {isa = PBXFileReference; lastKnownFileType = sourcecode.swift; path = CoreDataClass.swift; sourceTree = "<group>"; };
		C740C70F290E18CE00CC9758 /* UpdateViewController.swift */ = {isa = PBXFileReference; lastKnownFileType = sourcecode.swift; path = UpdateViewController.swift; sourceTree = "<group>"; };
		C740C713290E198200CC9758 /* ListViewController.swift */ = {isa = PBXFileReference; lastKnownFileType = sourcecode.swift; path = ListViewController.swift; sourceTree = "<group>"; };
		C7942858290EAE31006E921C /* FileViewController.swift */ = {isa = PBXFileReference; lastKnownFileType = sourcecode.swift; path = FileViewController.swift; sourceTree = "<group>"; };
		C7A9E22A291FFF5000265D10 /* ListCollectionViewItem.swift */ = {isa = PBXFileReference; lastKnownFileType = sourcecode.swift; path = ListCollectionViewItem.swift; sourceTree = "<group>"; };
		C7E55217291779F30093BDE0 /* FileManagerObject.swift */ = {isa = PBXFileReference; lastKnownFileType = sourcecode.swift; path = FileManagerObject.swift; sourceTree = "<group>"; };
/* End PBXFileReference section */

/* Begin PBXFrameworksBuildPhase section */
		C740C6F1290CF00800CC9758 /* Frameworks */ = {
			isa = PBXFrameworksBuildPhase;
			buildActionMask = 2147483647;
			files = (
			);
			runOnlyForDeploymentPostprocessing = 0;
		};
/* End PBXFrameworksBuildPhase section */

/* Begin PBXGroup section */
		C740C6EB290CF00800CC9758 = {
			isa = PBXGroup;
			children = (
				C740C6F6290CF00800CC9758 /* RecognizeColleagues */,
				C740C6F5290CF00800CC9758 /* Products */,
			);
			sourceTree = "<group>";
		};
		C740C6F5290CF00800CC9758 /* Products */ = {
			isa = PBXGroup;
			children = (
				C740C6F4290CF00800CC9758 /* RecognizeColleagues.app */,
			);
			name = Products;
			sourceTree = "<group>";
		};
		C740C6F6290CF00800CC9758 /* RecognizeColleagues */ = {
			isa = PBXGroup;
			children = (
				C740C6F7290CF00800CC9758 /* AppDelegate.swift */,
				C7E55215291687760093BDE0 /* Model */,
				C7E55216291687800093BDE0 /* ViewController */,
				C7942858290EAE31006E921C /* FileViewController.swift */,
				C740C6FE290CF00900CC9758 /* Assets.xcassets */,
				C740C700290CF00900CC9758 /* Main.storyboard */,
				C740C703290CF00900CC9758 /* RecognizeColleagues.entitlements */,
				C740C6FB290CF00800CC9758 /* RecognizeColleagues.xcdatamodeld */,
			);
			path = RecognizeColleagues;
			sourceTree = "<group>";
		};
		C7E55215291687760093BDE0 /* Model */ = {
			isa = PBXGroup;
			children = (
				C7E55217291779F30093BDE0 /* FileManagerObject.swift */,
				C740C70B290D683600CC9758 /* Constellations.swift */,
				C740C70D290D71E700CC9758 /* CoreDataClass.swift */,
			);
			path = Model;
			sourceTree = "<group>";
		};
		C7E55216291687800093BDE0 /* ViewController */ = {
			isa = PBXGroup;
			children = (
				C740C6F9290CF00800CC9758 /* ViewController.swift */,
				C740C709290D087B00CC9758 /* GameViewController.swift */,
				C740C70F290E18CE00CC9758 /* UpdateViewController.swift */,
				C740C713290E198200CC9758 /* ListViewController.swift */,
				C7A9E22A291FFF5000265D10 /* ListCollectionViewItem.swift */,
				C7124ADD292109C0008C1432 /* DetailCollectionViewItem.swift */,
				C7124ADE292109C0008C1432 /* DetailCollectionViewItem.xib */,
				C7115D11292918AA005685C6 /* EditEmployeeViewController.swift */,
				C7115D12292918AA005685C6 /* EditEmployeeViewController.xib */,
			);
			path = ViewController;
			sourceTree = "<group>";
		};
/* End PBXGroup section */

/* Begin PBXNativeTarget section */
		C740C6F3290CF00800CC9758 /* RecognizeColleagues */ = {
			isa = PBXNativeTarget;
			buildConfigurationList = C740C706290CF00900CC9758 /* Build configuration list for PBXNativeTarget "RecognizeColleagues" */;
			buildPhases = (
				C740C6F0290CF00800CC9758 /* Sources */,
				C740C6F1290CF00800CC9758 /* Frameworks */,
				C740C6F2290CF00800CC9758 /* Resources */,
			);
			buildRules = (
			);
			dependencies = (
			);
			name = RecognizeColleagues;
			productName = RecognizeColleagues;
			productReference = C740C6F4290CF00800CC9758 /* RecognizeColleagues.app */;
			productType = "com.apple.product-type.application";
		};
/* End PBXNativeTarget section */

/* Begin PBXProject section */
		C740C6EC290CF00800CC9758 /* Project object */ = {
			isa = PBXProject;
			attributes = {
				BuildIndependentTargetsInParallel = 1;
				LastSwiftUpdateCheck = 1320;
				LastUpgradeCheck = 1320;
				TargetAttributes = {
					C740C6F3290CF00800CC9758 = {
						CreatedOnToolsVersion = 13.2.1;
					};
				};
			};
			buildConfigurationList = C740C6EF290CF00800CC9758 /* Build configuration list for PBXProject "RecognizeColleagues" */;
			compatibilityVersion = "Xcode 13.0";
			developmentRegion = en;
			hasScannedForEncodings = 0;
			knownRegions = (
				en,
				Base,
			);
			mainGroup = C740C6EB290CF00800CC9758;
			productRefGroup = C740C6F5290CF00800CC9758 /* Products */;
			projectDirPath = "";
			projectRoot = "";
			targets = (
				C740C6F3290CF00800CC9758 /* RecognizeColleagues */,
			);
		};
/* End PBXProject section */

/* Begin PBXResourcesBuildPhase section */
		C740C6F2290CF00800CC9758 /* Resources */ = {
			isa = PBXResourcesBuildPhase;
			buildActionMask = 2147483647;
			files = (
				C7115D14292918AA005685C6 /* EditEmployeeViewController.xib in Resources */,
				C7124AE0292109C0008C1432 /* DetailCollectionViewItem.xib in Resources */,
				C740C6FF290CF00900CC9758 /* Assets.xcassets in Resources */,
				C740C702290CF00900CC9758 /* Main.storyboard in Resources */,
			);
			runOnlyForDeploymentPostprocessing = 0;
		};
/* End PBXResourcesBuildPhase section */

/* Begin PBXSourcesBuildPhase section */
		C740C6F0290CF00800CC9758 /* Sources */ = {
			isa = PBXSourcesBuildPhase;
			buildActionMask = 2147483647;
			files = (
				C7A9E22B291FFF5000265D10 /* ListCollectionViewItem.swift in Sources */,
				C7E55218291779F30093BDE0 /* FileManagerObject.swift in Sources */,
				C7942859290EAE31006E921C /* FileViewController.swift in Sources */,
				C740C70A290D087B00CC9758 /* GameViewController.swift in Sources */,
				C740C6FD290CF00800CC9758 /* RecognizeColleagues.xcdatamodeld in Sources */,
				C740C6FA290CF00800CC9758 /* ViewController.swift in Sources */,
				C7115D13292918AA005685C6 /* EditEmployeeViewController.swift in Sources */,
				C7124ADF292109C0008C1432 /* DetailCollectionViewItem.swift in Sources */,
				C740C70E290D71E700CC9758 /* CoreDataClass.swift in Sources */,
				C740C70C290D683600CC9758 /* Constellations.swift in Sources */,
				C740C711290E18CE00CC9758 /* UpdateViewController.swift in Sources */,
				C740C714290E198200CC9758 /* ListViewController.swift in Sources */,
				C740C6F8290CF00800CC9758 /* AppDelegate.swift in Sources */,
			);
			runOnlyForDeploymentPostprocessing = 0;
		};
/* End PBXSourcesBuildPhase section */

/* Begin PBXVariantGroup section */
		C740C700290CF00900CC9758 /* Main.storyboard */ = {
			isa = PBXVariantGroup;
			children = (
				C740C701290CF00900CC9758 /* Base */,
			);
			name = Main.storyboard;
			sourceTree = "<group>";
		};
/* End PBXVariantGroup section */

/* Begin XCBuildConfiguration section */
		C740C704290CF00900CC9758 /* Debug */ = {
			isa = XCBuildConfiguration;
			buildSettings = {
				ALWAYS_SEARCH_USER_PATHS = NO;
				CLANG_ANALYZER_NONNULL = YES;
				CLANG_ANALYZER_NUMBER_OBJECT_CONVERSION = YES_AGGRESSIVE;
				CLANG_CXX_LANGUAGE_STANDARD = "gnu++17";
				CLANG_CXX_LIBRARY = "libc++";
				CLANG_ENABLE_MODULES = YES;
				CLANG_ENABLE_OBJC_ARC = YES;
				CLANG_ENABLE_OBJC_WEAK = YES;
				CLANG_WARN_BLOCK_CAPTURE_AUTORELEASING = YES;
				CLANG_WARN_BOOL_CONVERSION = YES;
				CLANG_WARN_COMMA = YES;
				CLANG_WARN_CONSTANT_CONVERSION = YES;
				CLANG_WARN_DEPRECATED_OBJC_IMPLEMENTATIONS = YES;
				CLANG_WARN_DIRECT_OBJC_ISA_USAGE = YES_ERROR;
				CLANG_WARN_DOCUMENTATION_COMMENTS = YES;
				CLANG_WARN_EMPTY_BODY = YES;
				CLANG_WARN_ENUM_CONVERSION = YES;
				CLANG_WARN_INFINITE_RECURSION = YES;
				CLANG_WARN_INT_CONVERSION = YES;
				CLANG_WARN_NON_LITERAL_NULL_CONVERSION = YES;
				CLANG_WARN_OBJC_IMPLICIT_RETAIN_SELF = YES;
				CLANG_WARN_OBJC_LITERAL_CONVERSION = YES;
				CLANG_WARN_OBJC_ROOT_CLASS = YES_ERROR;
				CLANG_WARN_QUOTED_INCLUDE_IN_FRAMEWORK_HEADER = YES;
				CLANG_WARN_RANGE_LOOP_ANALYSIS = YES;
				CLANG_WARN_STRICT_PROTOTYPES = YES;
				CLANG_WARN_SUSPICIOUS_MOVE = YES;
				CLANG_WARN_UNGUARDED_AVAILABILITY = YES_AGGRESSIVE;
				CLANG_WARN_UNREACHABLE_CODE = YES;
				CLANG_WARN__DUPLICATE_METHOD_MATCH = YES;
				COPY_PHASE_STRIP = NO;
				DEBUG_INFORMATION_FORMAT = dwarf;
				ENABLE_STRICT_OBJC_MSGSEND = YES;
				ENABLE_TESTABILITY = YES;
				GCC_C_LANGUAGE_STANDARD = gnu11;
				GCC_DYNAMIC_NO_PIC = NO;
				GCC_NO_COMMON_BLOCKS = YES;
				GCC_OPTIMIZATION_LEVEL = 0;
				GCC_PREPROCESSOR_DEFINITIONS = (
					"DEBUG=1",
					"$(inherited)",
				);
				GCC_WARN_64_TO_32_BIT_CONVERSION = YES;
				GCC_WARN_ABOUT_RETURN_TYPE = YES_ERROR;
				GCC_WARN_UNDECLARED_SELECTOR = YES;
				GCC_WARN_UNINITIALIZED_AUTOS = YES_AGGRESSIVE;
				GCC_WARN_UNUSED_FUNCTION = YES;
				GCC_WARN_UNUSED_VARIABLE = YES;
				MACOSX_DEPLOYMENT_TARGET = 12.1;
				MTL_ENABLE_DEBUG_INFO = INCLUDE_SOURCE;
				MTL_FAST_MATH = YES;
				ONLY_ACTIVE_ARCH = YES;
				SDKROOT = macosx;
				SWIFT_ACTIVE_COMPILATION_CONDITIONS = DEBUG;
				SWIFT_OPTIMIZATION_LEVEL = "-Onone";
			};
			name = Debug;
		};
		C740C705290CF00900CC9758 /* Release */ = {
			isa = XCBuildConfiguration;
			buildSettings = {
				ALWAYS_SEARCH_USER_PATHS = NO;
				CLANG_ANALYZER_NONNULL = YES;
				CLANG_ANALYZER_NUMBER_OBJECT_CONVERSION = YES_AGGRESSIVE;
				CLANG_CXX_LANGUAGE_STANDARD = "gnu++17";
				CLANG_CXX_LIBRARY = "libc++";
				CLANG_ENABLE_MODULES = YES;
				CLANG_ENABLE_OBJC_ARC = YES;
				CLANG_ENABLE_OBJC_WEAK = YES;
				CLANG_WARN_BLOCK_CAPTURE_AUTORELEASING = YES;
				CLANG_WARN_BOOL_CONVERSION = YES;
				CLANG_WARN_COMMA = YES;
				CLANG_WARN_CONSTANT_CONVERSION = YES;
				CLANG_WARN_DEPRECATED_OBJC_IMPLEMENTATIONS = YES;
				CLANG_WARN_DIRECT_OBJC_ISA_USAGE = YES_ERROR;
				CLANG_WARN_DOCUMENTATION_COMMENTS = YES;
				CLANG_WARN_EMPTY_BODY = YES;
				CLANG_WARN_ENUM_CONVERSION = YES;
				CLANG_WARN_INFINITE_RECURSION = YES;
				CLANG_WARN_INT_CONVERSION = YES;
				CLANG_WARN_NON_LITERAL_NULL_CONVERSION = YES;
				CLANG_WARN_OBJC_IMPLICIT_RETAIN_SELF = YES;
				CLANG_WARN_OBJC_LITERAL_CONVERSION = YES;
				CLANG_WARN_OBJC_ROOT_CLASS = YES_ERROR;
				CLANG_WARN_QUOTED_INCLUDE_IN_FRAMEWORK_HEADER = YES;
				CLANG_WARN_RANGE_LOOP_ANALYSIS = YES;
				CLANG_WARN_STRICT_PROTOTYPES = YES;
				CLANG_WARN_SUSPICIOUS_MOVE = YES;
				CLANG_WARN_UNGUARDED_AVAILABILITY = YES_AGGRESSIVE;
				CLANG_WARN_UNREACHABLE_CODE = YES;
				CLANG_WARN__DUPLICATE_METHOD_MATCH = YES;
				COPY_PHASE_STRIP = NO;
				DEBUG_INFORMATION_FORMAT = "dwarf-with-dsym";
				ENABLE_NS_ASSERTIONS = NO;
				ENABLE_STRICT_OBJC_MSGSEND = YES;
				GCC_C_LANGUAGE_STANDARD = gnu11;
				GCC_NO_COMMON_BLOCKS = YES;
				GCC_WARN_64_TO_32_BIT_CONVERSION = YES;
				GCC_WARN_ABOUT_RETURN_TYPE = YES_ERROR;
				GCC_WARN_UNDECLARED_SELECTOR = YES;
				GCC_WARN_UNINITIALIZED_AUTOS = YES_AGGRESSIVE;
				GCC_WARN_UNUSED_FUNCTION = YES;
				GCC_WARN_UNUSED_VARIABLE = YES;
				MACOSX_DEPLOYMENT_TARGET = 12.1;
				MTL_ENABLE_DEBUG_INFO = NO;
				MTL_FAST_MATH = YES;
				SDKROOT = macosx;
				SWIFT_COMPILATION_MODE = wholemodule;
				SWIFT_OPTIMIZATION_LEVEL = "-O";
			};
			name = Release;
		};
		C740C707290CF00900CC9758 /* Debug */ = {
			isa = XCBuildConfiguration;
			buildSettings = {
				ASSETCATALOG_COMPILER_APPICON_NAME = AppIcon;
				ASSETCATALOG_COMPILER_GLOBAL_ACCENT_COLOR_NAME = AccentColor;
				CODE_SIGN_ENTITLEMENTS = RecognizeColleagues/RecognizeColleagues.entitlements;
				CODE_SIGN_STYLE = Automatic;
				COMBINE_HIDPI_IMAGES = YES;
				CURRENT_PROJECT_VERSION = 1;
				DEVELOPMENT_TEAM = 4752TZW2QV;
				ENABLE_HARDENED_RUNTIME = YES;
				GENERATE_INFOPLIST_FILE = YES;
				INFOPLIST_KEY_NSHumanReadableCopyright = "";
				INFOPLIST_KEY_NSMainStoryboardFile = Main;
				INFOPLIST_KEY_NSPrincipalClass = NSApplication;
				LD_RUNPATH_SEARCH_PATHS = (
					"$(inherited)",
					"@executable_path/../Frameworks",
				);
				MARKETING_VERSION = 1.0;
				PRODUCT_BUNDLE_IDENTIFIER = com.StephenApp.RecognizeColleagues;
				PRODUCT_NAME = "$(TARGET_NAME)";
				SWIFT_EMIT_LOC_STRINGS = YES;
				SWIFT_VERSION = 5.0;
			};
			name = Debug;
		};
		C740C708290CF00900CC9758 /* Release */ = {
			isa = XCBuildConfiguration;
			buildSettings = {
				ASSETCATALOG_COMPILER_APPICON_NAME = AppIcon;
				ASSETCATALOG_COMPILER_GLOBAL_ACCENT_COLOR_NAME = AccentColor;
				CODE_SIGN_ENTITLEMENTS = RecognizeColleagues/RecognizeColleagues.entitlements;
				CODE_SIGN_STYLE = Automatic;
				COMBINE_HIDPI_IMAGES = YES;
				CURRENT_PROJECT_VERSION = 1;
				DEVELOPMENT_TEAM = 4752TZW2QV;
				ENABLE_HARDENED_RUNTIME = YES;
				GENERATE_INFOPLIST_FILE = YES;
				INFOPLIST_KEY_NSHumanReadableCopyright = "";
				INFOPLIST_KEY_NSMainStoryboardFile = Main;
				INFOPLIST_KEY_NSPrincipalClass = NSApplication;
				LD_RUNPATH_SEARCH_PATHS = (
					"$(inherited)",
					"@executable_path/../Frameworks",
				);
				MARKETING_VERSION = 1.0;
				PRODUCT_BUNDLE_IDENTIFIER = com.StephenApp.RecognizeColleagues;
				PRODUCT_NAME = "$(TARGET_NAME)";
				SWIFT_EMIT_LOC_STRINGS = YES;
				SWIFT_VERSION = 5.0;
			};
			name = Release;
		};
/* End XCBuildConfiguration section */

/* Begin XCConfigurationList section */
		C740C6EF290CF00800CC9758 /* Build configuration list for PBXProject "RecognizeColleagues" */ = {
			isa = XCConfigurationList;
			buildConfigurations = (
				C740C704290CF00900CC9758 /* Debug */,
				C740C705290CF00900CC9758 /* Release */,
			);
			defaultConfigurationIsVisible = 0;
			defaultConfigurationName = Release;
		};
		C740C706290CF00900CC9758 /* Build configuration list for PBXNativeTarget "RecognizeColleagues" */ = {
			isa = XCConfigurationList;
			buildConfigurations = (
				C740C707290CF00900CC9758 /* Debug */,
				C740C708290CF00900CC9758 /* Release */,
			);
			defaultConfigurationIsVisible = 0;
			defaultConfigurationName = Release;
		};
/* End XCConfigurationList section */

/* Begin XCVersionGroup section */
		C740C6FB290CF00800CC9758 /* RecognizeColleagues.xcdatamodeld */ = {
			isa = XCVersionGroup;
			children = (
				C740C6FC290CF00800CC9758 /* RecognizeColleagues.xcdatamodel */,
			);
			currentVersion = C740C6FC290CF00800CC9758 /* RecognizeColleagues.xcdatamodel */;
			path = RecognizeColleagues.xcdatamodeld;
			sourceTree = "<group>";
			versionGroupType = wrapper.xcdatamodel;
		};
/* End XCVersionGroup section */
	};
	rootObject = C740C6EC290CF00800CC9758 /* Project object */;
}
